
Microsoft Visual Studio Solution File, Format Version 12.00
# Visual Studio Version 16
VisualStudioVersion = 16.0.31005.135
MinimumVisualStudioVersion = 10.0.40219.1
Project("{9A19103F-16F7-4668-BE54-9A1E7A4F7556}") = "Localiza.Api.NumeroPrimos", "Localiza.Api.NumeroPrimos\Localiza.Api.NumeroPrimos.csproj", "{76000F12-F809-4C3E-8F03-4BA1707110C3}"
EndProject
Project("{9A19103F-16F7-4668-BE54-9A1E7A4F7556}") = "Localiza.Api.NumerosDivisores", "Localiza.Api.NumerosDivisores\Localiza.Api.NumerosDivisores.csproj", "{89440210-B62F-4586-A91A-22F70FAEB9F7}"
EndProject
Project("{9A19103F-16F7-4668-BE54-9A1E7A4F7556}") = "Localiza.Api.Numeros.Search", "Api.Localiza.Numeros\Localiza.Api.Numeros.Search.csproj", "{E0E0ACE7-80D7-43B5-A71D-3D65A6DB05E3}"
EndProject
Project("{FAE04EC0-301F-11D3-BF4B-00C04F79EFBC}") = "Localiza.Api.NumerosPrimos.Tests", "NumeroPrimoService\Localiza.Api.NumerosPrimos.Tests.csproj", "{7F2CE433-7ADC-4624-B1B6-721CC93B7847}"
EndProject
Project("{FAE04EC0-301F-11D3-BF4B-00C04F79EFBC}") = "Localiza.Api.NumerosDivisores.Tests", "Localiza.Api.NumerosDivisores.Tests\Localiza.Api.NumerosDivisores.Tests.csproj", "{2970EFA5-EA1E-4739-9849-EC7DBC39EEDE}"
EndProject
Global
	GlobalSection(SolutionConfigurationPlatforms) = preSolution
		Debug|Any CPU = Debug|Any CPU
		Release|Any CPU = Release|Any CPU
	EndGlobalSection
	GlobalSection(ProjectConfigurationPlatforms) = postSolution
		{76000F12-F809-4C3E-8F03-4BA1707110C3}.Debug|Any CPU.ActiveCfg = Debug|Any CPU
		{76000F12-F809-4C3E-8F03-4BA1707110C3}.Debug|Any CPU.Build.0 = Debug|Any CPU
		{76000F12-F809-4C3E-8F03-4BA1707110C3}.Release|Any CPU.ActiveCfg = Release|Any CPU
		{76000F12-F809-4C3E-8F03-4BA1707110C3}.Release|Any CPU.Build.0 = Release|Any CPU
		{89440210-B62F-4586-A91A-22F70FAEB9F7}.Debug|Any CPU.ActiveCfg = Debug|Any CPU
		{89440210-B62F-4586-A91A-22F70FAEB9F7}.Debug|Any CPU.Build.0 = Debug|Any CPU
		{89440210-B62F-4586-A91A-22F70FAEB9F7}.Release|Any CPU.ActiveCfg = Release|Any CPU
		{89440210-B62F-4586-A91A-22F70FAEB9F7}.Release|Any CPU.Build.0 = Release|Any CPU
		{E0E0ACE7-80D7-43B5-A71D-3D65A6DB05E3}.Debug|Any CPU.ActiveCfg = Debug|Any CPU
		{E0E0ACE7-80D7-43B5-A71D-3D65A6DB05E3}.Debug|Any CPU.Build.0 = Debug|Any CPU
		{E0E0ACE7-80D7-43B5-A71D-3D65A6DB05E3}.Release|Any CPU.ActiveCfg = Release|Any CPU
		{E0E0ACE7-80D7-43B5-A71D-3D65A6DB05E3}.Release|Any CPU.Build.0 = Release|Any CPU
		{7F2CE433-7ADC-4624-B1B6-721CC93B7847}.Debug|Any CPU.ActiveCfg = Debug|Any CPU
		{7F2CE433-7ADC-4624-B1B6-721CC93B7847}.Debug|Any CPU.Build.0 = Debug|Any CPU
		{7F2CE433-7ADC-4624-B1B6-721CC93B7847}.Release|Any CPU.ActiveCfg = Release|Any CPU
		{7F2CE433-7ADC-4624-B1B6-721CC93B7847}.Release|Any CPU.Build.0 = Release|Any CPU
		{2970EFA5-EA1E-4739-9849-EC7DBC39EEDE}.Debug|Any CPU.ActiveCfg = Debug|Any CPU
		{2970EFA5-EA1E-4739-9849-EC7DBC39EEDE}.Debug|Any CPU.Build.0 = Debug|Any CPU
		{2970EFA5-EA1E-4739-9849-EC7DBC39EEDE}.Release|Any CPU.ActiveCfg = Release|Any CPU
		{2970EFA5-EA1E-4739-9849-EC7DBC39EEDE}.Release|Any CPU.Build.0 = Release|Any CPU
	EndGlobalSection
	GlobalSection(SolutionProperties) = preSolution
		HideSolutionNode = FALSE
	EndGlobalSection
	GlobalSection(ExtensibilityGlobals) = postSolution
		SolutionGuid = {1260575E-3CDC-41B2-B3C1-8BD9AAEEB4E7}
	EndGlobalSection
EndGlobal
